<?xml version="1.0" encoding="UTF-8"?>
<!DOCTYPE plist PUBLIC "-//Apple//DTD PLIST 1.0//EN" "http://www.apple.com/DTDs/PropertyList-1.0.dtd">
<plist version="1.0">
<dict>
	<key>archiveVersion</key>
	<string>1</string>
	<key>classes</key>
	<dict/>
	<key>objectVersion</key>
	<string>46</string>
	<key>objects</key>
	<dict>
		<key>224FD5EF17B278C900AFBEAF</key>
		<dict>
			<key>children</key>
			<array>
				<string>224FD60117B278C900AFBEAF</string>
				<string>224FD61F17B278CA00AFBEAF</string>
				<string>224FD5FA17B278C900AFBEAF</string>
				<string>224FD5F917B278C900AFBEAF</string>
				<string>DFE47D18587442B0AAB0B162</string>
			</array>
			<key>isa</key>
			<string>PBXGroup</string>
			<key>sourceTree</key>
			<string>&lt;group&gt;</string>
		</dict>
		<key>224FD5F017B278C900AFBEAF</key>
		<dict>
			<key>attributes</key>
			<dict>
				<key>CLASSPREFIX</key>
				<string>SH</string>
				<key>LastUpgradeCheck</key>
				<string>0460</string>
				<key>ORGANIZATIONNAME</key>
				<string>Seivan Heidari</string>
			</dict>
			<key>buildConfigurationList</key>
			<string>224FD5F317B278C900AFBEAF</string>
			<key>compatibilityVersion</key>
			<string>Xcode 3.2</string>
			<key>developmentRegion</key>
			<string>English</string>
			<key>hasScannedForEncodings</key>
			<string>0</string>
			<key>isa</key>
			<string>PBXProject</string>
			<key>knownRegions</key>
			<array>
				<string>en</string>
			</array>
			<key>mainGroup</key>
			<string>224FD5EF17B278C900AFBEAF</string>
			<key>productRefGroup</key>
			<string>224FD5F917B278C900AFBEAF</string>
			<key>projectDirPath</key>
			<string></string>
			<key>projectReferences</key>
			<array/>
			<key>projectRoot</key>
			<string></string>
			<key>targets</key>
			<array>
				<string>224FD5F717B278C900AFBEAF</string>
				<string>224FD61717B278CA00AFBEAF</string>
			</array>
		</dict>
		<key>224FD5F317B278C900AFBEAF</key>
		<dict>
			<key>buildConfigurations</key>
			<array>
				<string>224FD62817B278CA00AFBEAF</string>
				<string>224FD62917B278CA00AFBEAF</string>
			</array>
			<key>defaultConfigurationIsVisible</key>
			<string>0</string>
			<key>defaultConfigurationName</key>
			<string>Release</string>
			<key>isa</key>
			<string>XCConfigurationList</string>
		</dict>
		<key>224FD5F417B278C900AFBEAF</key>
		<dict>
			<key>buildActionMask</key>
			<string>2147483647</string>
			<key>files</key>
			<array>
				<string>224FD60817B278C900AFBEAF</string>
				<string>224FD60C17B278C900AFBEAF</string>
			</array>
			<key>isa</key>
			<string>PBXSourcesBuildPhase</string>
			<key>runOnlyForDeploymentPostprocessing</key>
			<string>0</string>
		</dict>
		<key>224FD5F517B278C900AFBEAF</key>
		<dict>
			<key>buildActionMask</key>
			<string>2147483647</string>
			<key>files</key>
			<array>
				<string>224FD5FC17B278C900AFBEAF</string>
				<string>224FD5FE17B278C900AFBEAF</string>
				<string>224FD60017B278C900AFBEAF</string>
				<string>72887EC70C92422C948D7D14</string>
			</array>
			<key>isa</key>
			<string>PBXFrameworksBuildPhase</string>
			<key>runOnlyForDeploymentPostprocessing</key>
			<string>0</string>
		</dict>
		<key>224FD5F617B278C900AFBEAF</key>
		<dict>
			<key>buildActionMask</key>
			<string>2147483647</string>
			<key>files</key>
			<array>
				<string>224FD60617B278C900AFBEAF</string>
				<string>224FD60E17B278C900AFBEAF</string>
				<string>224FD61017B278C900AFBEAF</string>
				<string>224FD61217B278C900AFBEAF</string>
			</array>
			<key>isa</key>
			<string>PBXResourcesBuildPhase</string>
			<key>runOnlyForDeploymentPostprocessing</key>
			<string>0</string>
		</dict>
		<key>224FD5F717B278C900AFBEAF</key>
		<dict>
			<key>buildConfigurationList</key>
			<string>224FD62A17B278CA00AFBEAF</string>
			<key>buildPhases</key>
			<array>
				<string>75D85A10789D4DD3B20BFC25</string>
				<string>224FD5F417B278C900AFBEAF</string>
				<string>224FD5F517B278C900AFBEAF</string>
				<string>224FD5F617B278C900AFBEAF</string>
				<string>86AD3016E3B540C788B6D743</string>
			</array>
			<key>buildRules</key>
			<array/>
			<key>dependencies</key>
			<array/>
			<key>isa</key>
			<string>PBXNativeTarget</string>
			<key>name</key>
			<string>SHRACComparison</string>
			<key>productName</key>
			<string>SHRACComparison</string>
			<key>productReference</key>
			<string>224FD5F817B278C900AFBEAF</string>
			<key>productType</key>
			<string>com.apple.product-type.application</string>
		</dict>
		<key>224FD5F817B278C900AFBEAF</key>
		<dict>
			<key>explicitFileType</key>
			<string>wrapper.application</string>
			<key>includeInIndex</key>
			<string>0</string>
			<key>isa</key>
			<string>PBXFileReference</string>
			<key>path</key>
			<string>SHRACComparison.app</string>
			<key>sourceTree</key>
			<string>BUILT_PRODUCTS_DIR</string>
		</dict>
		<key>224FD5F917B278C900AFBEAF</key>
		<dict>
			<key>children</key>
			<array>
				<string>224FD5F817B278C900AFBEAF</string>
				<string>224FD61817B278CA00AFBEAF</string>
			</array>
			<key>isa</key>
			<string>PBXGroup</string>
			<key>name</key>
			<string>Products</string>
			<key>sourceTree</key>
			<string>&lt;group&gt;</string>
		</dict>
		<key>224FD5FA17B278C900AFBEAF</key>
		<dict>
			<key>children</key>
			<array>
				<string>224FD5FB17B278C900AFBEAF</string>
				<string>224FD5FD17B278C900AFBEAF</string>
				<string>224FD5FF17B278C900AFBEAF</string>
				<string>224FD61917B278CA00AFBEAF</string>
				<string>40011ACEF8FF40F9A1292004</string>
			</array>
			<key>isa</key>
			<string>PBXGroup</string>
			<key>name</key>
			<string>Frameworks</string>
			<key>sourceTree</key>
			<string>&lt;group&gt;</string>
		</dict>
		<key>224FD5FB17B278C900AFBEAF</key>
		<dict>
			<key>isa</key>
			<string>PBXFileReference</string>
			<key>lastKnownFileType</key>
			<string>wrapper.framework</string>
			<key>name</key>
			<string>UIKit.framework</string>
			<key>path</key>
			<string>System/Library/Frameworks/UIKit.framework</string>
			<key>sourceTree</key>
			<string>SDKROOT</string>
		</dict>
		<key>224FD5FC17B278C900AFBEAF</key>
		<dict>
			<key>fileRef</key>
			<string>224FD5FB17B278C900AFBEAF</string>
			<key>isa</key>
			<string>PBXBuildFile</string>
		</dict>
		<key>224FD5FD17B278C900AFBEAF</key>
		<dict>
			<key>isa</key>
			<string>PBXFileReference</string>
			<key>lastKnownFileType</key>
			<string>wrapper.framework</string>
			<key>name</key>
			<string>Foundation.framework</string>
			<key>path</key>
			<string>System/Library/Frameworks/Foundation.framework</string>
			<key>sourceTree</key>
			<string>SDKROOT</string>
		</dict>
		<key>224FD5FE17B278C900AFBEAF</key>
		<dict>
			<key>fileRef</key>
			<string>224FD5FD17B278C900AFBEAF</string>
			<key>isa</key>
			<string>PBXBuildFile</string>
		</dict>
		<key>224FD5FF17B278C900AFBEAF</key>
		<dict>
			<key>isa</key>
			<string>PBXFileReference</string>
			<key>lastKnownFileType</key>
			<string>wrapper.framework</string>
			<key>name</key>
			<string>CoreGraphics.framework</string>
			<key>path</key>
			<string>System/Library/Frameworks/CoreGraphics.framework</string>
			<key>sourceTree</key>
			<string>SDKROOT</string>
		</dict>
		<key>224FD60017B278C900AFBEAF</key>
		<dict>
			<key>fileRef</key>
			<string>224FD5FF17B278C900AFBEAF</string>
			<key>isa</key>
			<string>PBXBuildFile</string>
		</dict>
		<key>224FD60117B278C900AFBEAF</key>
		<dict>
			<key>children</key>
			<array>
				<string>224FD60A17B278C900AFBEAF</string>
				<string>224FD60B17B278C900AFBEAF</string>
				<string>224FD60217B278C900AFBEAF</string>
			</array>
			<key>isa</key>
			<string>PBXGroup</string>
			<key>path</key>
			<string>SHRACComparison</string>
			<key>sourceTree</key>
			<string>&lt;group&gt;</string>
		</dict>
		<key>224FD60217B278C900AFBEAF</key>
		<dict>
			<key>children</key>
			<array>
				<string>224FD60317B278C900AFBEAF</string>
				<string>224FD60417B278C900AFBEAF</string>
				<string>224FD60717B278C900AFBEAF</string>
				<string>224FD60917B278C900AFBEAF</string>
				<string>224FD60D17B278C900AFBEAF</string>
				<string>224FD60F17B278C900AFBEAF</string>
				<string>224FD61117B278C900AFBEAF</string>
			</array>
			<key>isa</key>
			<string>PBXGroup</string>
			<key>name</key>
			<string>Supporting Files</string>
			<key>sourceTree</key>
			<string>&lt;group&gt;</string>
		</dict>
		<key>224FD60317B278C900AFBEAF</key>
		<dict>
			<key>isa</key>
			<string>PBXFileReference</string>
			<key>lastKnownFileType</key>
			<string>text.plist.xml</string>
			<key>path</key>
			<string>SHRACComparison-Info.plist</string>
			<key>sourceTree</key>
			<string>&lt;group&gt;</string>
		</dict>
		<key>224FD60417B278C900AFBEAF</key>
		<dict>
			<key>children</key>
			<array>
				<string>224FD60517B278C900AFBEAF</string>
			</array>
			<key>isa</key>
			<string>PBXVariantGroup</string>
			<key>name</key>
			<string>InfoPlist.strings</string>
			<key>sourceTree</key>
			<string>&lt;group&gt;</string>
		</dict>
		<key>224FD60517B278C900AFBEAF</key>
		<dict>
			<key>isa</key>
			<string>PBXFileReference</string>
			<key>lastKnownFileType</key>
			<string>text.plist.strings</string>
			<key>name</key>
			<string>en</string>
			<key>path</key>
			<string>en.lproj/InfoPlist.strings</string>
			<key>sourceTree</key>
			<string>&lt;group&gt;</string>
		</dict>
		<key>224FD60617B278C900AFBEAF</key>
		<dict>
			<key>fileRef</key>
			<string>224FD60417B278C900AFBEAF</string>
			<key>isa</key>
			<string>PBXBuildFile</string>
		</dict>
		<key>224FD60717B278C900AFBEAF</key>
		<dict>
			<key>isa</key>
			<string>PBXFileReference</string>
			<key>lastKnownFileType</key>
			<string>sourcecode.c.objc</string>
			<key>path</key>
			<string>main.m</string>
			<key>sourceTree</key>
			<string>&lt;group&gt;</string>
		</dict>
		<key>224FD60817B278C900AFBEAF</key>
		<dict>
			<key>fileRef</key>
			<string>224FD60717B278C900AFBEAF</string>
			<key>isa</key>
			<string>PBXBuildFile</string>
		</dict>
		<key>224FD60917B278C900AFBEAF</key>
		<dict>
			<key>isa</key>
			<string>PBXFileReference</string>
			<key>lastKnownFileType</key>
			<string>sourcecode.c.h</string>
			<key>path</key>
			<string>SHRACComparison-Prefix.pch</string>
			<key>sourceTree</key>
			<string>&lt;group&gt;</string>
		</dict>
		<key>224FD60A17B278C900AFBEAF</key>
		<dict>
			<key>isa</key>
			<string>PBXFileReference</string>
			<key>lastKnownFileType</key>
			<string>sourcecode.c.h</string>
			<key>path</key>
			<string>SHAppDelegate.h</string>
			<key>sourceTree</key>
			<string>&lt;group&gt;</string>
		</dict>
		<key>224FD60B17B278C900AFBEAF</key>
		<dict>
			<key>isa</key>
			<string>PBXFileReference</string>
			<key>lastKnownFileType</key>
			<string>sourcecode.c.objc</string>
			<key>path</key>
			<string>SHAppDelegate.m</string>
			<key>sourceTree</key>
			<string>&lt;group&gt;</string>
		</dict>
		<key>224FD60C17B278C900AFBEAF</key>
		<dict>
			<key>fileRef</key>
			<string>224FD60B17B278C900AFBEAF</string>
			<key>isa</key>
			<string>PBXBuildFile</string>
		</dict>
		<key>224FD60D17B278C900AFBEAF</key>
		<dict>
			<key>isa</key>
			<string>PBXFileReference</string>
			<key>lastKnownFileType</key>
			<string>image.png</string>
			<key>path</key>
			<string>Default.png</string>
			<key>sourceTree</key>
			<string>&lt;group&gt;</string>
		</dict>
		<key>224FD60E17B278C900AFBEAF</key>
		<dict>
			<key>fileRef</key>
			<string>224FD60D17B278C900AFBEAF</string>
			<key>isa</key>
			<string>PBXBuildFile</string>
		</dict>
		<key>224FD60F17B278C900AFBEAF</key>
		<dict>
			<key>isa</key>
			<string>PBXFileReference</string>
			<key>lastKnownFileType</key>
			<string>image.png</string>
			<key>path</key>
			<string>Default@2x.png</string>
			<key>sourceTree</key>
			<string>&lt;group&gt;</string>
		</dict>
		<key>224FD61017B278C900AFBEAF</key>
		<dict>
			<key>fileRef</key>
			<string>224FD60F17B278C900AFBEAF</string>
			<key>isa</key>
			<string>PBXBuildFile</string>
		</dict>
		<key>224FD61117B278C900AFBEAF</key>
		<dict>
			<key>isa</key>
			<string>PBXFileReference</string>
			<key>lastKnownFileType</key>
			<string>image.png</string>
			<key>path</key>
			<string>Default-568h@2x.png</string>
			<key>sourceTree</key>
			<string>&lt;group&gt;</string>
		</dict>
		<key>224FD61217B278C900AFBEAF</key>
		<dict>
			<key>fileRef</key>
			<string>224FD61117B278C900AFBEAF</string>
			<key>isa</key>
			<string>PBXBuildFile</string>
		</dict>
		<key>224FD61317B278CA00AFBEAF</key>
		<dict>
			<key>buildActionMask</key>
			<string>2147483647</string>
			<key>files</key>
			<array>
				<string>224FD62717B278CA00AFBEAF</string>
			</array>
			<key>isa</key>
			<string>PBXSourcesBuildPhase</string>
			<key>runOnlyForDeploymentPostprocessing</key>
			<string>0</string>
		</dict>
		<key>224FD61417B278CA00AFBEAF</key>
		<dict>
			<key>buildActionMask</key>
			<string>2147483647</string>
			<key>files</key>
			<array>
				<string>224FD61A17B278CA00AFBEAF</string>
				<string>224FD61B17B278CA00AFBEAF</string>
				<string>224FD61C17B278CA00AFBEAF</string>
			</array>
			<key>isa</key>
			<string>PBXFrameworksBuildPhase</string>
			<key>runOnlyForDeploymentPostprocessing</key>
			<string>0</string>
		</dict>
		<key>224FD61517B278CA00AFBEAF</key>
		<dict>
			<key>buildActionMask</key>
			<string>2147483647</string>
			<key>files</key>
			<array>
				<string>224FD62417B278CA00AFBEAF</string>
			</array>
			<key>isa</key>
			<string>PBXResourcesBuildPhase</string>
			<key>runOnlyForDeploymentPostprocessing</key>
			<string>0</string>
		</dict>
		<key>224FD61617B278CA00AFBEAF</key>
		<dict>
			<key>buildActionMask</key>
			<string>2147483647</string>
			<key>files</key>
			<array/>
			<key>inputPaths</key>
			<array/>
			<key>isa</key>
			<string>PBXShellScriptBuildPhase</string>
			<key>outputPaths</key>
			<array/>
			<key>runOnlyForDeploymentPostprocessing</key>
			<string>0</string>
			<key>shellPath</key>
			<string>/bin/sh</string>
			<key>shellScript</key>
			<string># Run the unit tests in this test bundle.
"${SYSTEM_DEVELOPER_DIR}/Tools/RunUnitTests"
</string>
		</dict>
		<key>224FD61717B278CA00AFBEAF</key>
		<dict>
			<key>buildConfigurationList</key>
			<string>224FD62D17B278CA00AFBEAF</string>
			<key>buildPhases</key>
			<array>
				<string>224FD61317B278CA00AFBEAF</string>
				<string>224FD61417B278CA00AFBEAF</string>
				<string>224FD61517B278CA00AFBEAF</string>
				<string>224FD61617B278CA00AFBEAF</string>
			</array>
			<key>buildRules</key>
			<array/>
			<key>dependencies</key>
			<array>
				<string>224FD61E17B278CA00AFBEAF</string>
			</array>
			<key>isa</key>
			<string>PBXNativeTarget</string>
			<key>name</key>
			<string>SHRACComparisonTests</string>
			<key>productName</key>
			<string>SHRACComparisonTests</string>
			<key>productReference</key>
			<string>224FD61817B278CA00AFBEAF</string>
			<key>productType</key>
			<string>com.apple.product-type.bundle</string>
		</dict>
		<key>224FD61817B278CA00AFBEAF</key>
		<dict>
			<key>explicitFileType</key>
			<string>wrapper.cfbundle</string>
			<key>includeInIndex</key>
			<string>0</string>
			<key>isa</key>
			<string>PBXFileReference</string>
			<key>path</key>
			<string>SHRACComparisonTests.octest</string>
			<key>sourceTree</key>
			<string>BUILT_PRODUCTS_DIR</string>
		</dict>
		<key>224FD61917B278CA00AFBEAF</key>
		<dict>
			<key>isa</key>
			<string>PBXFileReference</string>
			<key>lastKnownFileType</key>
			<string>wrapper.framework</string>
			<key>name</key>
			<string>SenTestingKit.framework</string>
			<key>path</key>
			<string>Library/Frameworks/SenTestingKit.framework</string>
			<key>sourceTree</key>
			<string>DEVELOPER_DIR</string>
		</dict>
		<key>224FD61A17B278CA00AFBEAF</key>
		<dict>
			<key>fileRef</key>
			<string>224FD61917B278CA00AFBEAF</string>
			<key>isa</key>
			<string>PBXBuildFile</string>
		</dict>
		<key>224FD61B17B278CA00AFBEAF</key>
		<dict>
			<key>fileRef</key>
			<string>224FD5FB17B278C900AFBEAF</string>
			<key>isa</key>
			<string>PBXBuildFile</string>
		</dict>
		<key>224FD61C17B278CA00AFBEAF</key>
		<dict>
			<key>fileRef</key>
			<string>224FD5FD17B278C900AFBEAF</string>
			<key>isa</key>
			<string>PBXBuildFile</string>
		</dict>
		<key>224FD61D17B278CA00AFBEAF</key>
		<dict>
			<key>containerPortal</key>
			<string>224FD5F017B278C900AFBEAF</string>
			<key>isa</key>
			<string>PBXContainerItemProxy</string>
			<key>proxyType</key>
			<string>1</string>
			<key>remoteGlobalIDString</key>
			<string>224FD5F717B278C900AFBEAF</string>
			<key>remoteInfo</key>
			<string>SHRACComparison</string>
		</dict>
		<key>224FD61E17B278CA00AFBEAF</key>
		<dict>
			<key>isa</key>
			<string>PBXTargetDependency</string>
			<key>target</key>
			<string>224FD5F717B278C900AFBEAF</string>
			<key>targetProxy</key>
			<string>224FD61D17B278CA00AFBEAF</string>
		</dict>
		<key>224FD61F17B278CA00AFBEAF</key>
		<dict>
			<key>children</key>
			<array>
				<string>224FD62517B278CA00AFBEAF</string>
				<string>224FD62617B278CA00AFBEAF</string>
				<string>224FD62017B278CA00AFBEAF</string>
			</array>
			<key>isa</key>
			<string>PBXGroup</string>
			<key>path</key>
			<string>SHRACComparisonTests</string>
			<key>sourceTree</key>
			<string>&lt;group&gt;</string>
		</dict>
		<key>224FD62017B278CA00AFBEAF</key>
		<dict>
			<key>children</key>
			<array>
				<string>224FD62117B278CA00AFBEAF</string>
				<string>224FD62217B278CA00AFBEAF</string>
			</array>
			<key>isa</key>
			<string>PBXGroup</string>
			<key>name</key>
			<string>Supporting Files</string>
			<key>sourceTree</key>
			<string>&lt;group&gt;</string>
		</dict>
		<key>224FD62117B278CA00AFBEAF</key>
		<dict>
			<key>isa</key>
			<string>PBXFileReference</string>
			<key>lastKnownFileType</key>
			<string>text.plist.xml</string>
			<key>path</key>
			<string>SHRACComparisonTests-Info.plist</string>
			<key>sourceTree</key>
			<string>&lt;group&gt;</string>
		</dict>
		<key>224FD62217B278CA00AFBEAF</key>
		<dict>
			<key>children</key>
			<array>
				<string>224FD62317B278CA00AFBEAF</string>
			</array>
			<key>isa</key>
			<string>PBXVariantGroup</string>
			<key>name</key>
			<string>InfoPlist.strings</string>
			<key>sourceTree</key>
			<string>&lt;group&gt;</string>
		</dict>
		<key>224FD62317B278CA00AFBEAF</key>
		<dict>
			<key>isa</key>
			<string>PBXFileReference</string>
			<key>lastKnownFileType</key>
			<string>text.plist.strings</string>
			<key>name</key>
			<string>en</string>
			<key>path</key>
			<string>en.lproj/InfoPlist.strings</string>
			<key>sourceTree</key>
			<string>&lt;group&gt;</string>
		</dict>
		<key>224FD62417B278CA00AFBEAF</key>
		<dict>
			<key>fileRef</key>
			<string>224FD62217B278CA00AFBEAF</string>
			<key>isa</key>
			<string>PBXBuildFile</string>
		</dict>
		<key>224FD62517B278CA00AFBEAF</key>
		<dict>
			<key>isa</key>
			<string>PBXFileReference</string>
			<key>lastKnownFileType</key>
			<string>sourcecode.c.h</string>
			<key>path</key>
			<string>SHRACComparisonTests.h</string>
			<key>sourceTree</key>
			<string>&lt;group&gt;</string>
		</dict>
		<key>224FD62617B278CA00AFBEAF</key>
		<dict>
			<key>isa</key>
			<string>PBXFileReference</string>
			<key>lastKnownFileType</key>
			<string>sourcecode.c.objc</string>
			<key>path</key>
			<string>SHRACComparisonTests.m</string>
			<key>sourceTree</key>
			<string>&lt;group&gt;</string>
		</dict>
		<key>224FD62717B278CA00AFBEAF</key>
		<dict>
			<key>fileRef</key>
			<string>224FD62617B278CA00AFBEAF</string>
			<key>isa</key>
			<string>PBXBuildFile</string>
		</dict>
		<key>224FD62817B278CA00AFBEAF</key>
		<dict>
			<key>buildSettings</key>
			<dict>
				<key>ALWAYS_SEARCH_USER_PATHS</key>
				<string>NO</string>
				<key>CLANG_CXX_LANGUAGE_STANDARD</key>
				<string>gnu++0x</string>
				<key>CLANG_CXX_LIBRARY</key>
				<string>libc++</string>
				<key>CLANG_ENABLE_OBJC_ARC</key>
				<string>YES</string>
				<key>CLANG_WARN_CONSTANT_CONVERSION</key>
				<string>YES</string>
				<key>CLANG_WARN_EMPTY_BODY</key>
				<string>YES</string>
				<key>CLANG_WARN_ENUM_CONVERSION</key>
				<string>YES</string>
				<key>CLANG_WARN_INT_CONVERSION</key>
				<string>YES</string>
				<key>CLANG_WARN__DUPLICATE_METHOD_MATCH</key>
				<string>YES</string>
				<key>CODE_SIGN_IDENTITY[sdk=iphoneos*]</key>
				<string>iPhone Developer</string>
				<key>COPY_PHASE_STRIP</key>
				<string>NO</string>
				<key>GCC_C_LANGUAGE_STANDARD</key>
				<string>gnu99</string>
				<key>GCC_DYNAMIC_NO_PIC</key>
				<string>NO</string>
				<key>GCC_OPTIMIZATION_LEVEL</key>
				<string>0</string>
				<key>GCC_PREPROCESSOR_DEFINITIONS</key>
				<array>
					<string>DEBUG=1</string>
					<string>$(inherited)</string>
				</array>
				<key>GCC_SYMBOLS_PRIVATE_EXTERN</key>
				<string>NO</string>
				<key>GCC_WARN_ABOUT_RETURN_TYPE</key>
				<string>YES</string>
				<key>GCC_WARN_UNINITIALIZED_AUTOS</key>
				<string>YES</string>
				<key>GCC_WARN_UNUSED_VARIABLE</key>
				<string>YES</string>
				<key>IPHONEOS_DEPLOYMENT_TARGET</key>
				<string>6.1</string>
				<key>ONLY_ACTIVE_ARCH</key>
				<string>YES</string>
				<key>SDKROOT</key>
				<string>iphoneos</string>
			</dict>
			<key>isa</key>
			<string>XCBuildConfiguration</string>
			<key>name</key>
			<string>Debug</string>
		</dict>
		<key>224FD62917B278CA00AFBEAF</key>
		<dict>
			<key>buildSettings</key>
			<dict>
				<key>ALWAYS_SEARCH_USER_PATHS</key>
				<string>NO</string>
				<key>CLANG_CXX_LANGUAGE_STANDARD</key>
				<string>gnu++0x</string>
				<key>CLANG_CXX_LIBRARY</key>
				<string>libc++</string>
				<key>CLANG_ENABLE_OBJC_ARC</key>
				<string>YES</string>
				<key>CLANG_WARN_CONSTANT_CONVERSION</key>
				<string>YES</string>
				<key>CLANG_WARN_EMPTY_BODY</key>
				<string>YES</string>
				<key>CLANG_WARN_ENUM_CONVERSION</key>
				<string>YES</string>
				<key>CLANG_WARN_INT_CONVERSION</key>
				<string>YES</string>
				<key>CLANG_WARN__DUPLICATE_METHOD_MATCH</key>
				<string>YES</string>
				<key>CODE_SIGN_IDENTITY[sdk=iphoneos*]</key>
				<string>iPhone Developer</string>
				<key>COPY_PHASE_STRIP</key>
				<string>YES</string>
				<key>GCC_C_LANGUAGE_STANDARD</key>
				<string>gnu99</string>
				<key>GCC_WARN_ABOUT_RETURN_TYPE</key>
				<string>YES</string>
				<key>GCC_WARN_UNINITIALIZED_AUTOS</key>
				<string>YES</string>
				<key>GCC_WARN_UNUSED_VARIABLE</key>
				<string>YES</string>
				<key>IPHONEOS_DEPLOYMENT_TARGET</key>
				<string>6.1</string>
				<key>OTHER_CFLAGS</key>
				<string>-DNS_BLOCK_ASSERTIONS=1</string>
				<key>SDKROOT</key>
				<string>iphoneos</string>
				<key>VALIDATE_PRODUCT</key>
				<string>YES</string>
			</dict>
			<key>isa</key>
			<string>XCBuildConfiguration</string>
			<key>name</key>
			<string>Release</string>
		</dict>
		<key>224FD62A17B278CA00AFBEAF</key>
		<dict>
			<key>buildConfigurations</key>
			<array>
				<string>224FD62B17B278CA00AFBEAF</string>
				<string>224FD62C17B278CA00AFBEAF</string>
			</array>
			<key>defaultConfigurationIsVisible</key>
			<string>0</string>
			<key>isa</key>
			<string>XCConfigurationList</string>
		</dict>
		<key>224FD62B17B278CA00AFBEAF</key>
		<dict>
			<key>baseConfigurationReference</key>
			<string>DFE47D18587442B0AAB0B162</string>
			<key>buildSettings</key>
			<dict>
				<key>GCC_PRECOMPILE_PREFIX_HEADER</key>
				<string>YES</string>
				<key>GCC_PREFIX_HEADER</key>
				<string>SHRACComparison/SHRACComparison-Prefix.pch</string>
				<key>INFOPLIST_FILE</key>
				<string>SHRACComparison/SHRACComparison-Info.plist</string>
				<key>PRODUCT_NAME</key>
				<string>$(TARGET_NAME)</string>
				<key>WRAPPER_EXTENSION</key>
				<string>app</string>
			</dict>
			<key>isa</key>
			<string>XCBuildConfiguration</string>
			<key>name</key>
			<string>Debug</string>
		</dict>
		<key>224FD62C17B278CA00AFBEAF</key>
		<dict>
			<key>baseConfigurationReference</key>
			<string>DFE47D18587442B0AAB0B162</string>
			<key>buildSettings</key>
			<dict>
				<key>GCC_PRECOMPILE_PREFIX_HEADER</key>
				<string>YES</string>
				<key>GCC_PREFIX_HEADER</key>
				<string>SHRACComparison/SHRACComparison-Prefix.pch</string>
				<key>INFOPLIST_FILE</key>
				<string>SHRACComparison/SHRACComparison-Info.plist</string>
				<key>PRODUCT_NAME</key>
				<string>$(TARGET_NAME)</string>
				<key>WRAPPER_EXTENSION</key>
				<string>app</string>
			</dict>
			<key>isa</key>
			<string>XCBuildConfiguration</string>
			<key>name</key>
			<string>Release</string>
		</dict>
		<key>224FD62D17B278CA00AFBEAF</key>
		<dict>
			<key>buildConfigurations</key>
			<array>
				<string>224FD62E17B278CA00AFBEAF</string>
				<string>224FD62F17B278CA00AFBEAF</string>
			</array>
			<key>defaultConfigurationIsVisible</key>
			<string>0</string>
			<key>isa</key>
			<string>XCConfigurationList</string>
		</dict>
		<key>224FD62E17B278CA00AFBEAF</key>
		<dict>
			<key>buildSettings</key>
			<dict>
				<key>BUNDLE_LOADER</key>
				<string>$(BUILT_PRODUCTS_DIR)/SHRACComparison.app/SHRACComparison</string>
				<key>FRAMEWORK_SEARCH_PATHS</key>
				<array>
					<string>"$(SDKROOT)/Developer/Library/Frameworks"</string>
					<string>"$(DEVELOPER_LIBRARY_DIR)/Frameworks"</string>
				</array>
				<key>GCC_PRECOMPILE_PREFIX_HEADER</key>
				<string>YES</string>
				<key>GCC_PREFIX_HEADER</key>
				<string>SHRACComparison/SHRACComparison-Prefix.pch</string>
				<key>INFOPLIST_FILE</key>
				<string>SHRACComparisonTests/SHRACComparisonTests-Info.plist</string>
				<key>PRODUCT_NAME</key>
				<string>$(TARGET_NAME)</string>
				<key>TEST_HOST</key>
				<string>$(BUNDLE_LOADER)</string>
				<key>WRAPPER_EXTENSION</key>
				<string>octest</string>
			</dict>
			<key>isa</key>
			<string>XCBuildConfiguration</string>
			<key>name</key>
			<string>Debug</string>
		</dict>
		<key>224FD62F17B278CA00AFBEAF</key>
		<dict>
			<key>buildSettings</key>
			<dict>
				<key>BUNDLE_LOADER</key>
				<string>$(BUILT_PRODUCTS_DIR)/SHRACComparison.app/SHRACComparison</string>
				<key>FRAMEWORK_SEARCH_PATHS</key>
				<array>
					<string>"$(SDKROOT)/Developer/Library/Frameworks"</string>
					<string>"$(DEVELOPER_LIBRARY_DIR)/Frameworks"</string>
				</array>
				<key>GCC_PRECOMPILE_PREFIX_HEADER</key>
				<string>YES</string>
				<key>GCC_PREFIX_HEADER</key>
				<string>SHRACComparison/SHRACComparison-Prefix.pch</string>
				<key>INFOPLIST_FILE</key>
				<string>SHRACComparisonTests/SHRACComparisonTests-Info.plist</string>
				<key>PRODUCT_NAME</key>
				<string>$(TARGET_NAME)</string>
				<key>TEST_HOST</key>
				<string>$(BUNDLE_LOADER)</string>
				<key>WRAPPER_EXTENSION</key>
				<string>octest</string>
			</dict>
			<key>isa</key>
			<string>XCBuildConfiguration</string>
			<key>name</key>
			<string>Release</string>
		</dict>
		<key>40011ACEF8FF40F9A1292004</key>
		<dict>
			<key>explicitFileType</key>
			<string>archive.ar</string>
			<key>includeInIndex</key>
			<string>0</string>
			<key>isa</key>
			<string>PBXFileReference</string>
			<key>path</key>
			<string>libPods.a</string>
			<key>sourceTree</key>
			<string>BUILT_PRODUCTS_DIR</string>
		</dict>
		<key>72887EC70C92422C948D7D14</key>
		<dict>
			<key>fileRef</key>
			<string>40011ACEF8FF40F9A1292004</string>
			<key>isa</key>
			<string>PBXBuildFile</string>
		</dict>
		<key>75D85A10789D4DD3B20BFC25</key>
		<dict>
			<key>buildActionMask</key>
			<string>2147483647</string>
			<key>files</key>
			<array/>
			<key>inputPaths</key>
			<array/>
			<key>isa</key>
			<string>PBXShellScriptBuildPhase</string>
			<key>name</key>
			<string>Check Pods Manifest.lock</string>
			<key>outputPaths</key>
			<array/>
			<key>runOnlyForDeploymentPostprocessing</key>
			<string>0</string>
			<key>shellPath</key>
			<string>/bin/sh</string>
			<key>shellScript</key>
			<string>diff "${PODS_ROOT}/../Podfile.lock" "${PODS_ROOT}/Manifest.lock" &gt; /dev/null
if [[ $? != 0 ]] ; then
    cat &lt;&lt; EOM
error: The sandbox is not in sync with the Podfile.lock. Run 'pod install' or update your CocoaPods installation.
EOM
    exit 1
fi
</string>
			<key>showEnvVarsInLog</key>
			<string>0</string>
		</dict>
		<key>86AD3016E3B540C788B6D743</key>
		<dict>
			<key>buildActionMask</key>
			<string>2147483647</string>
			<key>files</key>
			<array/>
			<key>inputPaths</key>
			<array/>
			<key>isa</key>
			<string>PBXShellScriptBuildPhase</string>
			<key>name</key>
			<string>Copy Pods Resources</string>
			<key>outputPaths</key>
			<array/>
			<key>runOnlyForDeploymentPostprocessing</key>
			<string>0</string>
			<key>shellPath</key>
			<string>/bin/sh</string>
			<key>shellScript</key>
			<string>"${SRCROOT}/Pods/Pods-resources.sh"
</string>
			<key>showEnvVarsInLog</key>
			<string>0</string>
		</dict>
		<key>DFE47D18587442B0AAB0B162</key>
		<dict>
			<key>includeInIndex</key>
			<string>1</string>
			<key>isa</key>
			<string>PBXFileReference</string>
			<key>lastKnownFileType</key>
			<string>text.xcconfig</string>
			<key>name</key>
			<string>Pods.xcconfig</string>
			<key>path</key>
			<string>Pods/Pods.xcconfig</string>
			<key>sourceTree</key>
			<string>SOURCE_ROOT</string>
		</dict>
	</dict>
	<key>rootObject</key>
	<string>224FD5F017B278C900AFBEAF</string>
</dict>
</plist>
